
Microsoft Visual Studio Solution File, Format Version 12.00
# Visual Studio Version 16
VisualStudioVersion = 16.0.30011.22
MinimumVisualStudioVersion = 10.0.40219.1
Project("{FAE04EC0-301F-11D3-BF4B-00C04F79EFBC}") = "WPF_02_Paint", "WPF_02\WPF_02_Paint.csproj", "{4D0D19CA-E153-4E98-9E1C-D124D24CB97B}"
EndProject
Project("{FAE04EC0-301F-11D3-BF4B-00C04F79EFBC}") = "WPF_03_Customers", "WPF_03\WPF_03_Customers.csproj", "{E11A7CE2-5381-4F3D-837E-D92043E43EE0}"
EndProject
Project("{FAE04EC0-301F-11D3-BF4B-00C04F79EFBC}") = "WPF_04_MediaPlayer", "WPF_04\WPF_04_MediaPlayer.csproj", "{F431D08B-8901-494D-ACC3-746B5FB5AD37}"
EndProject
Project("{FAE04EC0-301F-11D3-BF4B-00C04F79EFBC}") = "WPF_01_Calculator", "WPF_01\WPF_01_Calculator.csproj", "{2F358320-C364-4B22-95C3-F87104D76572}"
EndProject
Project("{FAE04EC0-301F-11D3-BF4B-00C04F79EFBC}") = "WPF_05_Newspaper", "WPF_05\WPF_05_Newspaper.csproj", "{EA946F2D-7441-43B7-9747-0E049D4E8D44}"
EndProject
Project("{FAE04EC0-301F-11D3-BF4B-00C04F79EFBC}") = "WPF_06_ColorPicker", "WPF_06\WPF_06_ColorPicker.csproj", "{2CF79C7F-9B5D-4432-9287-451AD8A6ED13}"
EndProject
Project("{FAE04EC0-301F-11D3-BF4B-00C04F79EFBC}") = "WPF_07_MVVM", "WPF_07_MVVM\WPF_07_MVVM.csproj", "{4AFAB78A-9C47-44B0-939C-635710E401E4}"
EndProject
Project("{FAE04EC0-301F-11D3-BF4B-00C04F79EFBC}") = "WPF_08_ContactList", "WPF_08_ContactList\WPF_08_ContactList.csproj", "{B81CECA0-7A07-41BE-AF01-27DCE35D1357}"
EndProject
Project("{FAE04EC0-301F-11D3-BF4B-00C04F79EFBC}") = "WPF_10_Exam", "WPF_10_Exam\WPF_10_Exam.csproj", "{D52F0B75-48B8-4B12-AEB9-646A2FAA368A}"
EndProject
Global
	GlobalSection(SolutionConfigurationPlatforms) = preSolution
		Debug|Any CPU = Debug|Any CPU
		Release|Any CPU = Release|Any CPU
	EndGlobalSection
	GlobalSection(ProjectConfigurationPlatforms) = postSolution
		{4D0D19CA-E153-4E98-9E1C-D124D24CB97B}.Debug|Any CPU.ActiveCfg = Debug|Any CPU
		{4D0D19CA-E153-4E98-9E1C-D124D24CB97B}.Debug|Any CPU.Build.0 = Debug|Any CPU
		{4D0D19CA-E153-4E98-9E1C-D124D24CB97B}.Release|Any CPU.ActiveCfg = Release|Any CPU
		{4D0D19CA-E153-4E98-9E1C-D124D24CB97B}.Release|Any CPU.Build.0 = Release|Any CPU
		{E11A7CE2-5381-4F3D-837E-D92043E43EE0}.Debug|Any CPU.ActiveCfg = Debug|Any CPU
		{E11A7CE2-5381-4F3D-837E-D92043E43EE0}.Debug|Any CPU.Build.0 = Debug|Any CPU
		{E11A7CE2-5381-4F3D-837E-D92043E43EE0}.Release|Any CPU.ActiveCfg = Release|Any CPU
		{E11A7CE2-5381-4F3D-837E-D92043E43EE0}.Release|Any CPU.Build.0 = Release|Any CPU
		{F431D08B-8901-494D-ACC3-746B5FB5AD37}.Debug|Any CPU.ActiveCfg = Debug|Any CPU
		{F431D08B-8901-494D-ACC3-746B5FB5AD37}.Debug|Any CPU.Build.0 = Debug|Any CPU
		{F431D08B-8901-494D-ACC3-746B5FB5AD37}.Release|Any CPU.ActiveCfg = Release|Any CPU
		{F431D08B-8901-494D-ACC3-746B5FB5AD37}.Release|Any CPU.Build.0 = Release|Any CPU
		{2F358320-C364-4B22-95C3-F87104D76572}.Debug|Any CPU.ActiveCfg = Debug|Any CPU
		{2F358320-C364-4B22-95C3-F87104D76572}.Debug|Any CPU.Build.0 = Debug|Any CPU
		{2F358320-C364-4B22-95C3-F87104D76572}.Release|Any CPU.ActiveCfg = Release|Any CPU
		{2F358320-C364-4B22-95C3-F87104D76572}.Release|Any CPU.Build.0 = Release|Any CPU
		{EA946F2D-7441-43B7-9747-0E049D4E8D44}.Debug|Any CPU.ActiveCfg = Debug|Any CPU
		{EA946F2D-7441-43B7-9747-0E049D4E8D44}.Debug|Any CPU.Build.0 = Debug|Any CPU
		{EA946F2D-7441-43B7-9747-0E049D4E8D44}.Release|Any CPU.ActiveCfg = Release|Any CPU
		{EA946F2D-7441-43B7-9747-0E049D4E8D44}.Release|Any CPU.Build.0 = Release|Any CPU
		{2CF79C7F-9B5D-4432-9287-451AD8A6ED13}.Debug|Any CPU.ActiveCfg = Debug|Any CPU
		{2CF79C7F-9B5D-4432-9287-451AD8A6ED13}.Debug|Any CPU.Build.0 = Debug|Any CPU
		{2CF79C7F-9B5D-4432-9287-451AD8A6ED13}.Release|Any CPU.ActiveCfg = Release|Any CPU
		{2CF79C7F-9B5D-4432-9287-451AD8A6ED13}.Release|Any CPU.Build.0 = Release|Any CPU
		{4AFAB78A-9C47-44B0-939C-635710E401E4}.Debug|Any CPU.ActiveCfg = Debug|Any CPU
		{4AFAB78A-9C47-44B0-939C-635710E401E4}.Debug|Any CPU.Build.0 = Debug|Any CPU
		{4AFAB78A-9C47-44B0-939C-635710E401E4}.Release|Any CPU.ActiveCfg = Release|Any CPU
		{4AFAB78A-9C47-44B0-939C-635710E401E4}.Release|Any CPU.Build.0 = Release|Any CPU
		{B81CECA0-7A07-41BE-AF01-27DCE35D1357}.Debug|Any CPU.ActiveCfg = Debug|Any CPU
		{B81CECA0-7A07-41BE-AF01-27DCE35D1357}.Debug|Any CPU.Build.0 = Debug|Any CPU
		{B81CECA0-7A07-41BE-AF01-27DCE35D1357}.Release|Any CPU.ActiveCfg = Release|Any CPU
		{B81CECA0-7A07-41BE-AF01-27DCE35D1357}.Release|Any CPU.Build.0 = Release|Any CPU
		{D52F0B75-48B8-4B12-AEB9-646A2FAA368A}.Debug|Any CPU.ActiveCfg = Debug|Any CPU
		{D52F0B75-48B8-4B12-AEB9-646A2FAA368A}.Debug|Any CPU.Build.0 = Debug|Any CPU
		{D52F0B75-48B8-4B12-AEB9-646A2FAA368A}.Release|Any CPU.ActiveCfg = Release|Any CPU
		{D52F0B75-48B8-4B12-AEB9-646A2FAA368A}.Release|Any CPU.Build.0 = Release|Any CPU
	EndGlobalSection
	GlobalSection(SolutionProperties) = preSolution
		HideSolutionNode = FALSE
	EndGlobalSection
	GlobalSection(ExtensibilityGlobals) = postSolution
		SolutionGuid = {7FADE86B-6D41-4857-94EC-627EAB19CA5B}
	EndGlobalSection
EndGlobal
