
Microsoft Visual Studio Solution File, Format Version 12.00
# Visual Studio Version 16
VisualStudioVersion = 16.0.30002.166
MinimumVisualStudioVersion = 10.0.40219.1
Project("{FAE04EC0-301F-11D3-BF4B-00C04F79EFBC}") = "WF_07", "WF_07\WF_07.csproj", "{A09AC1A9-B087-468E-BC68-6E420973F3BD}"
EndProject
Global
	GlobalSection(SolutionConfigurationPlatforms) = preSolution
		Debug|Any CPU = Debug|Any CPU
		Release|Any CPU = Release|Any CPU
	EndGlobalSection
	GlobalSection(ProjectConfigurationPlatforms) = postSolution
		{A09AC1A9-B087-468E-BC68-6E420973F3BD}.Debug|Any CPU.ActiveCfg = Debug|Any CPU
		{A09AC1A9-B087-468E-BC68-6E420973F3BD}.Debug|Any CPU.Build.0 = Debug|Any CPU
		{A09AC1A9-B087-468E-BC68-6E420973F3BD}.Release|Any CPU.ActiveCfg = Release|Any CPU
		{A09AC1A9-B087-468E-BC68-6E420973F3BD}.Release|Any CPU.Build.0 = Release|Any CPU
	EndGlobalSection
	GlobalSection(SolutionProperties) = preSolution
		HideSolutionNode = FALSE
	EndGlobalSection
	GlobalSection(ExtensibilityGlobals) = postSolution
		SolutionGuid = {45A00AEE-12A8-4165-A60C-B5C0A1FDC4DB}
	EndGlobalSection
EndGlobal
