
Microsoft Visual Studio Solution File, Format Version 12.00
# Visual Studio 15
VisualStudioVersion = 15.0.28307.1022
MinimumVisualStudioVersion = 10.0.40219.1
Project("{FAE04EC0-301F-11D3-BF4B-00C04F79EFBC}") = "13. Is, us", "13. Is, us\13. Is, us.csproj", "{DA73FA68-8544-42E8-A0B3-4F31D59F4BF8}"
EndProject
Global
	GlobalSection(SolutionConfigurationPlatforms) = preSolution
		Debug|Any CPU = Debug|Any CPU
		Release|Any CPU = Release|Any CPU
	EndGlobalSection
	GlobalSection(ProjectConfigurationPlatforms) = postSolution
		{DA73FA68-8544-42E8-A0B3-4F31D59F4BF8}.Debug|Any CPU.ActiveCfg = Debug|Any CPU
		{DA73FA68-8544-42E8-A0B3-4F31D59F4BF8}.Debug|Any CPU.Build.0 = Debug|Any CPU
		{DA73FA68-8544-42E8-A0B3-4F31D59F4BF8}.Release|Any CPU.ActiveCfg = Release|Any CPU
		{DA73FA68-8544-42E8-A0B3-4F31D59F4BF8}.Release|Any CPU.Build.0 = Release|Any CPU
	EndGlobalSection
	GlobalSection(SolutionProperties) = preSolution
		HideSolutionNode = FALSE
	EndGlobalSection
	GlobalSection(ExtensibilityGlobals) = postSolution
		SolutionGuid = {330F0059-20CC-4F2E-BC1B-D2CFFD46995A}
	EndGlobalSection
EndGlobal
