
Microsoft Visual Studio Solution File, Format Version 12.00
# Visual Studio Version 16
VisualStudioVersion = 16.0.30011.22
MinimumVisualStudioVersion = 10.0.40219.1
Project("{FAE04EC0-301F-11D3-BF4B-00C04F79EFBC}") = "WF_Coursework", "WF_Coursework\WF_Coursework.csproj", "{CDFB14A8-F3FB-491F-895F-FA8064FD9909}"
EndProject
Global
	GlobalSection(SolutionConfigurationPlatforms) = preSolution
		Debug|Any CPU = Debug|Any CPU
		Release|Any CPU = Release|Any CPU
	EndGlobalSection
	GlobalSection(ProjectConfigurationPlatforms) = postSolution
		{CDFB14A8-F3FB-491F-895F-FA8064FD9909}.Debug|Any CPU.ActiveCfg = Debug|Any CPU
		{CDFB14A8-F3FB-491F-895F-FA8064FD9909}.Debug|Any CPU.Build.0 = Debug|Any CPU
		{CDFB14A8-F3FB-491F-895F-FA8064FD9909}.Release|Any CPU.ActiveCfg = Release|Any CPU
		{CDFB14A8-F3FB-491F-895F-FA8064FD9909}.Release|Any CPU.Build.0 = Release|Any CPU
	EndGlobalSection
	GlobalSection(SolutionProperties) = preSolution
		HideSolutionNode = FALSE
	EndGlobalSection
	GlobalSection(ExtensibilityGlobals) = postSolution
		SolutionGuid = {C1DBFF1E-690A-472B-B40C-93ECE7F61ACA}
	EndGlobalSection
EndGlobal
