
Microsoft Visual Studio Solution File, Format Version 12.00
# Visual Studio Version 16
VisualStudioVersion = 16.0.30523.141
MinimumVisualStudioVersion = 10.0.40219.1
Project("{FAE04EC0-301F-11D3-BF4B-00C04F79EFBC}") = "NP_08_Exam", "NP_08_Exam\NP_08_Exam.csproj", "{5F26BAFE-94AA-4C08-BBC6-0F7342A477C3}"
EndProject
Global
	GlobalSection(SolutionConfigurationPlatforms) = preSolution
		Debug|Any CPU = Debug|Any CPU
		Release|Any CPU = Release|Any CPU
	EndGlobalSection
	GlobalSection(ProjectConfigurationPlatforms) = postSolution
		{5F26BAFE-94AA-4C08-BBC6-0F7342A477C3}.Debug|Any CPU.ActiveCfg = Debug|Any CPU
		{5F26BAFE-94AA-4C08-BBC6-0F7342A477C3}.Debug|Any CPU.Build.0 = Debug|Any CPU
		{5F26BAFE-94AA-4C08-BBC6-0F7342A477C3}.Release|Any CPU.ActiveCfg = Release|Any CPU
		{5F26BAFE-94AA-4C08-BBC6-0F7342A477C3}.Release|Any CPU.Build.0 = Release|Any CPU
	EndGlobalSection
	GlobalSection(SolutionProperties) = preSolution
		HideSolutionNode = FALSE
	EndGlobalSection
	GlobalSection(ExtensibilityGlobals) = postSolution
		SolutionGuid = {7EF33875-61BB-42B9-85AD-81D8C01CFD55}
	EndGlobalSection
EndGlobal
