
Microsoft Visual Studio Solution File, Format Version 12.00
# Visual Studio Version 16
VisualStudioVersion = 16.0.30011.22
MinimumVisualStudioVersion = 10.0.40219.1
Project("{FAE04EC0-301F-11D3-BF4B-00C04F79EFBC}") = "WF_16", "WF_16\WF_16.csproj", "{4930EF54-5155-43E9-B0F8-8652212A5966}"
EndProject
Global
	GlobalSection(SolutionConfigurationPlatforms) = preSolution
		Debug|Any CPU = Debug|Any CPU
		Release|Any CPU = Release|Any CPU
	EndGlobalSection
	GlobalSection(ProjectConfigurationPlatforms) = postSolution
		{4930EF54-5155-43E9-B0F8-8652212A5966}.Debug|Any CPU.ActiveCfg = Debug|Any CPU
		{4930EF54-5155-43E9-B0F8-8652212A5966}.Debug|Any CPU.Build.0 = Debug|Any CPU
		{4930EF54-5155-43E9-B0F8-8652212A5966}.Release|Any CPU.ActiveCfg = Release|Any CPU
		{4930EF54-5155-43E9-B0F8-8652212A5966}.Release|Any CPU.Build.0 = Release|Any CPU
	EndGlobalSection
	GlobalSection(SolutionProperties) = preSolution
		HideSolutionNode = FALSE
	EndGlobalSection
	GlobalSection(ExtensibilityGlobals) = postSolution
		SolutionGuid = {38CF428F-5C43-4D40-AFC7-5D8D789BDF49}
	EndGlobalSection
EndGlobal
