
Microsoft Visual Studio Solution File, Format Version 12.00
# Visual Studio Version 16
VisualStudioVersion = 16.0.30413.136
MinimumVisualStudioVersion = 10.0.40219.1
Project("{2150E333-8FDC-42A3-9474-1A3956D46DE8}") = "Layers", "Layers", "{60039129-86F8-4141-98BA-CB73CF6DDEB5}"
EndProject
Project("{FAE04EC0-301F-11D3-BF4B-00C04F79EFBC}") = "Booklibrary.DAL", "Booklibrary.DAL\Booklibrary.DAL.csproj", "{095E0EF0-AFF0-4CFD-A529-435F919A9022}"
EndProject
Project("{FAE04EC0-301F-11D3-BF4B-00C04F79EFBC}") = "BookLibrary.BLL", "BookLibrary.BLL\BookLibrary.BLL.csproj", "{D93F9AFF-F73D-45E0-845A-4AA48AB81F86}"
EndProject
Project("{FAE04EC0-301F-11D3-BF4B-00C04F79EFBC}") = "BookLibraryClient", "BookLibraryClient\BookLibraryClient.csproj", "{EEDF8933-5240-4629-A7C6-DA74159FF8AE}"
EndProject
Global
	GlobalSection(SolutionConfigurationPlatforms) = preSolution
		Debug|Any CPU = Debug|Any CPU
		Release|Any CPU = Release|Any CPU
	EndGlobalSection
	GlobalSection(ProjectConfigurationPlatforms) = postSolution
		{095E0EF0-AFF0-4CFD-A529-435F919A9022}.Debug|Any CPU.ActiveCfg = Debug|Any CPU
		{095E0EF0-AFF0-4CFD-A529-435F919A9022}.Debug|Any CPU.Build.0 = Debug|Any CPU
		{095E0EF0-AFF0-4CFD-A529-435F919A9022}.Release|Any CPU.ActiveCfg = Release|Any CPU
		{095E0EF0-AFF0-4CFD-A529-435F919A9022}.Release|Any CPU.Build.0 = Release|Any CPU
		{D93F9AFF-F73D-45E0-845A-4AA48AB81F86}.Debug|Any CPU.ActiveCfg = Debug|Any CPU
		{D93F9AFF-F73D-45E0-845A-4AA48AB81F86}.Debug|Any CPU.Build.0 = Debug|Any CPU
		{D93F9AFF-F73D-45E0-845A-4AA48AB81F86}.Release|Any CPU.ActiveCfg = Release|Any CPU
		{D93F9AFF-F73D-45E0-845A-4AA48AB81F86}.Release|Any CPU.Build.0 = Release|Any CPU
		{EEDF8933-5240-4629-A7C6-DA74159FF8AE}.Debug|Any CPU.ActiveCfg = Debug|Any CPU
		{EEDF8933-5240-4629-A7C6-DA74159FF8AE}.Debug|Any CPU.Build.0 = Debug|Any CPU
		{EEDF8933-5240-4629-A7C6-DA74159FF8AE}.Release|Any CPU.ActiveCfg = Release|Any CPU
		{EEDF8933-5240-4629-A7C6-DA74159FF8AE}.Release|Any CPU.Build.0 = Release|Any CPU
	EndGlobalSection
	GlobalSection(SolutionProperties) = preSolution
		HideSolutionNode = FALSE
	EndGlobalSection
	GlobalSection(NestedProjects) = preSolution
		{095E0EF0-AFF0-4CFD-A529-435F919A9022} = {60039129-86F8-4141-98BA-CB73CF6DDEB5}
		{D93F9AFF-F73D-45E0-845A-4AA48AB81F86} = {60039129-86F8-4141-98BA-CB73CF6DDEB5}
		{EEDF8933-5240-4629-A7C6-DA74159FF8AE} = {60039129-86F8-4141-98BA-CB73CF6DDEB5}
	EndGlobalSection
	GlobalSection(ExtensibilityGlobals) = postSolution
		SolutionGuid = {A1E38719-938E-4883-A468-EA2CD8D3B186}
	EndGlobalSection
EndGlobal
