
Microsoft Visual Studio Solution File, Format Version 12.00
# Visual Studio 15
VisualStudioVersion = 15.0.28307.1022
MinimumVisualStudioVersion = 10.0.40219.1
Project("{FAE04EC0-301F-11D3-BF4B-00C04F79EFBC}") = "01. home_work (01.03.20)", "01. home_work (01.03.20)\01. home_work (01.03.20).csproj", "{642BDC63-5C61-47E7-93C1-6DEBDFB525CF}"
EndProject
Global
	GlobalSection(SolutionConfigurationPlatforms) = preSolution
		Debug|Any CPU = Debug|Any CPU
		Release|Any CPU = Release|Any CPU
	EndGlobalSection
	GlobalSection(ProjectConfigurationPlatforms) = postSolution
		{642BDC63-5C61-47E7-93C1-6DEBDFB525CF}.Debug|Any CPU.ActiveCfg = Debug|Any CPU
		{642BDC63-5C61-47E7-93C1-6DEBDFB525CF}.Debug|Any CPU.Build.0 = Debug|Any CPU
		{642BDC63-5C61-47E7-93C1-6DEBDFB525CF}.Release|Any CPU.ActiveCfg = Release|Any CPU
		{642BDC63-5C61-47E7-93C1-6DEBDFB525CF}.Release|Any CPU.Build.0 = Release|Any CPU
	EndGlobalSection
	GlobalSection(SolutionProperties) = preSolution
		HideSolutionNode = FALSE
	EndGlobalSection
	GlobalSection(ExtensibilityGlobals) = postSolution
		SolutionGuid = {52385240-A19E-4EDC-BA05-E9DDB8837F41}
	EndGlobalSection
EndGlobal
