
Microsoft Visual Studio Solution File, Format Version 12.00
# Visual Studio Version 16
VisualStudioVersion = 16.0.30523.141
MinimumVisualStudioVersion = 10.0.40219.1
Project("{FAE04EC0-301F-11D3-BF4B-00C04F79EFBC}") = "NP_06_Http", "NP_06_Http\NP_06_Http.csproj", "{C9531EA0-87AB-499E-BA15-BE8149E85209}"
EndProject
Project("{FAE04EC0-301F-11D3-BF4B-00C04F79EFBC}") = "Work_with_API", "Work_with_API\Work_with_API.csproj", "{934C978C-88BE-4FA0-A290-86DE958871A1}"
EndProject
Global
	GlobalSection(SolutionConfigurationPlatforms) = preSolution
		Debug|Any CPU = Debug|Any CPU
		Release|Any CPU = Release|Any CPU
	EndGlobalSection
	GlobalSection(ProjectConfigurationPlatforms) = postSolution
		{C9531EA0-87AB-499E-BA15-BE8149E85209}.Debug|Any CPU.ActiveCfg = Debug|Any CPU
		{C9531EA0-87AB-499E-BA15-BE8149E85209}.Debug|Any CPU.Build.0 = Debug|Any CPU
		{C9531EA0-87AB-499E-BA15-BE8149E85209}.Release|Any CPU.ActiveCfg = Release|Any CPU
		{C9531EA0-87AB-499E-BA15-BE8149E85209}.Release|Any CPU.Build.0 = Release|Any CPU
		{934C978C-88BE-4FA0-A290-86DE958871A1}.Debug|Any CPU.ActiveCfg = Debug|Any CPU
		{934C978C-88BE-4FA0-A290-86DE958871A1}.Debug|Any CPU.Build.0 = Debug|Any CPU
		{934C978C-88BE-4FA0-A290-86DE958871A1}.Release|Any CPU.ActiveCfg = Release|Any CPU
		{934C978C-88BE-4FA0-A290-86DE958871A1}.Release|Any CPU.Build.0 = Release|Any CPU
	EndGlobalSection
	GlobalSection(SolutionProperties) = preSolution
		HideSolutionNode = FALSE
	EndGlobalSection
	GlobalSection(ExtensibilityGlobals) = postSolution
		SolutionGuid = {50D1E97B-4F2C-4663-ABEC-D19290600966}
	EndGlobalSection
EndGlobal
