
Microsoft Visual Studio Solution File, Format Version 12.00
# Visual Studio Version 16
VisualStudioVersion = 16.0.29926.136
MinimumVisualStudioVersion = 10.0.40219.1
Project("{FAE04EC0-301F-11D3-BF4B-00C04F79EFBC}") = "WF_03", "WF_03\WF_03.csproj", "{578D9C9E-7528-4211-91B7-0E82C8C50802}"
EndProject
Global
	GlobalSection(SolutionConfigurationPlatforms) = preSolution
		Debug|Any CPU = Debug|Any CPU
		Release|Any CPU = Release|Any CPU
	EndGlobalSection
	GlobalSection(ProjectConfigurationPlatforms) = postSolution
		{578D9C9E-7528-4211-91B7-0E82C8C50802}.Debug|Any CPU.ActiveCfg = Debug|Any CPU
		{578D9C9E-7528-4211-91B7-0E82C8C50802}.Debug|Any CPU.Build.0 = Debug|Any CPU
		{578D9C9E-7528-4211-91B7-0E82C8C50802}.Release|Any CPU.ActiveCfg = Release|Any CPU
		{578D9C9E-7528-4211-91B7-0E82C8C50802}.Release|Any CPU.Build.0 = Release|Any CPU
	EndGlobalSection
	GlobalSection(SolutionProperties) = preSolution
		HideSolutionNode = FALSE
	EndGlobalSection
	GlobalSection(ExtensibilityGlobals) = postSolution
		SolutionGuid = {B462CAE5-ED77-4464-8987-EAA067C21DA9}
	EndGlobalSection
EndGlobal
