
Microsoft Visual Studio Solution File, Format Version 12.00
# Visual Studio Version 16
VisualStudioVersion = 16.0.30523.141
MinimumVisualStudioVersion = 10.0.40219.1
Project("{FAE04EC0-301F-11D3-BF4B-00C04F79EFBC}") = "NP_04_UDP_Server", "NP_04_UDP_Server\NP_04_UDP_Server.csproj", "{85F9F1BD-F30F-42FC-96A8-862740EBC57A}"
EndProject
Project("{FAE04EC0-301F-11D3-BF4B-00C04F79EFBC}") = "UDP_Client", "UDP_Client\UDP_Client.csproj", "{BCAE0260-573A-401E-B26D-66A109231775}"
EndProject
Project("{FAE04EC0-301F-11D3-BF4B-00C04F79EFBC}") = "FileTransfer", "FileTransfer\FileTransfer.csproj", "{AB56EDB6-2637-4F17-8EB7-C0F18B7AB175}"
EndProject
Project("{FAE04EC0-301F-11D3-BF4B-00C04F79EFBC}") = "FileTransfer_client", "FileTransfer_client\FileTransfer_client.csproj", "{1BA074CE-2338-4E6F-97D2-8E6085973389}"
EndProject
Project("{FAE04EC0-301F-11D3-BF4B-00C04F79EFBC}") = "UDP_skreen", "UDP_skreen\UDP_skreen.csproj", "{345B9F51-9E07-4F42-A5DD-354FD5CDC31B}"
EndProject
Global
	GlobalSection(SolutionConfigurationPlatforms) = preSolution
		Debug|Any CPU = Debug|Any CPU
		Release|Any CPU = Release|Any CPU
	EndGlobalSection
	GlobalSection(ProjectConfigurationPlatforms) = postSolution
		{85F9F1BD-F30F-42FC-96A8-862740EBC57A}.Debug|Any CPU.ActiveCfg = Debug|Any CPU
		{85F9F1BD-F30F-42FC-96A8-862740EBC57A}.Debug|Any CPU.Build.0 = Debug|Any CPU
		{85F9F1BD-F30F-42FC-96A8-862740EBC57A}.Release|Any CPU.ActiveCfg = Release|Any CPU
		{85F9F1BD-F30F-42FC-96A8-862740EBC57A}.Release|Any CPU.Build.0 = Release|Any CPU
		{BCAE0260-573A-401E-B26D-66A109231775}.Debug|Any CPU.ActiveCfg = Debug|Any CPU
		{BCAE0260-573A-401E-B26D-66A109231775}.Debug|Any CPU.Build.0 = Debug|Any CPU
		{BCAE0260-573A-401E-B26D-66A109231775}.Release|Any CPU.ActiveCfg = Release|Any CPU
		{BCAE0260-573A-401E-B26D-66A109231775}.Release|Any CPU.Build.0 = Release|Any CPU
		{AB56EDB6-2637-4F17-8EB7-C0F18B7AB175}.Debug|Any CPU.ActiveCfg = Debug|Any CPU
		{AB56EDB6-2637-4F17-8EB7-C0F18B7AB175}.Debug|Any CPU.Build.0 = Debug|Any CPU
		{AB56EDB6-2637-4F17-8EB7-C0F18B7AB175}.Release|Any CPU.ActiveCfg = Release|Any CPU
		{AB56EDB6-2637-4F17-8EB7-C0F18B7AB175}.Release|Any CPU.Build.0 = Release|Any CPU
		{1BA074CE-2338-4E6F-97D2-8E6085973389}.Debug|Any CPU.ActiveCfg = Debug|Any CPU
		{1BA074CE-2338-4E6F-97D2-8E6085973389}.Debug|Any CPU.Build.0 = Debug|Any CPU
		{1BA074CE-2338-4E6F-97D2-8E6085973389}.Release|Any CPU.ActiveCfg = Release|Any CPU
		{1BA074CE-2338-4E6F-97D2-8E6085973389}.Release|Any CPU.Build.0 = Release|Any CPU
		{345B9F51-9E07-4F42-A5DD-354FD5CDC31B}.Debug|Any CPU.ActiveCfg = Debug|Any CPU
		{345B9F51-9E07-4F42-A5DD-354FD5CDC31B}.Debug|Any CPU.Build.0 = Debug|Any CPU
		{345B9F51-9E07-4F42-A5DD-354FD5CDC31B}.Release|Any CPU.ActiveCfg = Release|Any CPU
		{345B9F51-9E07-4F42-A5DD-354FD5CDC31B}.Release|Any CPU.Build.0 = Release|Any CPU
	EndGlobalSection
	GlobalSection(SolutionProperties) = preSolution
		HideSolutionNode = FALSE
	EndGlobalSection
	GlobalSection(ExtensibilityGlobals) = postSolution
		SolutionGuid = {F7B3ED29-2736-45D7-B702-2C5E6690D270}
	EndGlobalSection
EndGlobal
