
Microsoft Visual Studio Solution File, Format Version 12.00
# Visual Studio Version 16
VisualStudioVersion = 16.0.30503.244
MinimumVisualStudioVersion = 10.0.40219.1
Project("{FAE04EC0-301F-11D3-BF4B-00C04F79EFBC}") = "ado_08_Exam", "ado_08_Exam\ado_08_Exam.csproj", "{EB9D5804-C042-4B75-9F17-DAEE5C8BEC88}"
EndProject
Global
	GlobalSection(SolutionConfigurationPlatforms) = preSolution
		Debug|Any CPU = Debug|Any CPU
		Release|Any CPU = Release|Any CPU
	EndGlobalSection
	GlobalSection(ProjectConfigurationPlatforms) = postSolution
		{EB9D5804-C042-4B75-9F17-DAEE5C8BEC88}.Debug|Any CPU.ActiveCfg = Debug|Any CPU
		{EB9D5804-C042-4B75-9F17-DAEE5C8BEC88}.Debug|Any CPU.Build.0 = Debug|Any CPU
		{EB9D5804-C042-4B75-9F17-DAEE5C8BEC88}.Release|Any CPU.ActiveCfg = Release|Any CPU
		{EB9D5804-C042-4B75-9F17-DAEE5C8BEC88}.Release|Any CPU.Build.0 = Release|Any CPU
	EndGlobalSection
	GlobalSection(SolutionProperties) = preSolution
		HideSolutionNode = FALSE
	EndGlobalSection
	GlobalSection(ExtensibilityGlobals) = postSolution
		SolutionGuid = {278F2926-149E-40D4-A0D9-670A84383D68}
	EndGlobalSection
EndGlobal
