
Microsoft Visual Studio Solution File, Format Version 12.00
# Visual Studio 15
VisualStudioVersion = 15.0.28307.705
MinimumVisualStudioVersion = 10.0.40219.1
Project("{FAE04EC0-301F-11D3-BF4B-00C04F79EFBC}") = "05. Intro class", "05. Intro class\05. Intro class.csproj", "{EB3D9404-51C1-425D-8849-4B525685697F}"
EndProject
Global
	GlobalSection(SolutionConfigurationPlatforms) = preSolution
		Debug|Any CPU = Debug|Any CPU
		Release|Any CPU = Release|Any CPU
	EndGlobalSection
	GlobalSection(ProjectConfigurationPlatforms) = postSolution
		{EB3D9404-51C1-425D-8849-4B525685697F}.Debug|Any CPU.ActiveCfg = Debug|Any CPU
		{EB3D9404-51C1-425D-8849-4B525685697F}.Debug|Any CPU.Build.0 = Debug|Any CPU
		{EB3D9404-51C1-425D-8849-4B525685697F}.Release|Any CPU.ActiveCfg = Release|Any CPU
		{EB3D9404-51C1-425D-8849-4B525685697F}.Release|Any CPU.Build.0 = Release|Any CPU
	EndGlobalSection
	GlobalSection(SolutionProperties) = preSolution
		HideSolutionNode = FALSE
	EndGlobalSection
	GlobalSection(ExtensibilityGlobals) = postSolution
		SolutionGuid = {E494D48D-2262-4225-9DC3-FAE8B8BE851C}
	EndGlobalSection
EndGlobal
